
Microsoft Visual Studio Solution File, Format Version 12.00
# Visual Studio Version 17
VisualStudioVersion = 17.0.32014.148
MinimumVisualStudioVersion = 10.0.40219.1
Project("{8BC9CEB8-8B4A-11D0-8D11-00A0C91BC942}") = "Client_API", "Client_API\Client_API.vcxproj", "{E2C52ADA-3936-4174-9C42-0B8019992FD5}"
EndProject
Project("{8BC9CEB8-8B4A-11D0-8D11-00A0C91BC942}") = "winAPIEngine_step_0", "winAPIEngine_step_0\winAPIEngine_step_0.vcxproj", "{F7E3C6F5-7183-46D8-BFC9-E4E1F9C1A6E2}"
EndProject
Project("{8BC9CEB8-8B4A-11D0-8D11-00A0C91BC942}") = "winAPIEngine_step_1", "winAPIEngine_step_1\winAPIEngine_step_1.vcxproj", "{732B3439-D28E-4A4E-AC20-9DC8E53645CE}"
EndProject
Project("{8BC9CEB8-8B4A-11D0-8D11-00A0C91BC942}") = "winAPIEngine_step_2", "winAPIEngine_step_2\winAPIEngine_step_2.vcxproj", "{47AFA7D5-C296-4810-BCB8-AD9636B8E88E}"
EndProject
Project("{8BC9CEB8-8B4A-11D0-8D11-00A0C91BC942}") = "winAPIEngine_step_3a", "winAPIEngine_step_3a\winAPIEngine_step_3a.vcxproj", "{D37055BA-FFD8-47AB-B951-FABB09905A27}"
EndProject
Global
	GlobalSection(SolutionConfigurationPlatforms) = preSolution
		Debug|x64 = Debug|x64
		Debug|x86 = Debug|x86
		Release|x64 = Release|x64
		Release|x86 = Release|x86
	EndGlobalSection
	GlobalSection(ProjectConfigurationPlatforms) = postSolution
		{E2C52ADA-3936-4174-9C42-0B8019992FD5}.Debug|x64.ActiveCfg = Debug|x64
		{E2C52ADA-3936-4174-9C42-0B8019992FD5}.Debug|x64.Build.0 = Debug|x64
		{E2C52ADA-3936-4174-9C42-0B8019992FD5}.Debug|x86.ActiveCfg = Debug|Win32
		{E2C52ADA-3936-4174-9C42-0B8019992FD5}.Debug|x86.Build.0 = Debug|Win32
		{E2C52ADA-3936-4174-9C42-0B8019992FD5}.Release|x64.ActiveCfg = Release|x64
		{E2C52ADA-3936-4174-9C42-0B8019992FD5}.Release|x64.Build.0 = Release|x64
		{E2C52ADA-3936-4174-9C42-0B8019992FD5}.Release|x86.ActiveCfg = Release|Win32
		{E2C52ADA-3936-4174-9C42-0B8019992FD5}.Release|x86.Build.0 = Release|Win32
		{F7E3C6F5-7183-46D8-BFC9-E4E1F9C1A6E2}.Debug|x64.ActiveCfg = Debug|x64
		{F7E3C6F5-7183-46D8-BFC9-E4E1F9C1A6E2}.Debug|x64.Build.0 = Debug|x64
		{F7E3C6F5-7183-46D8-BFC9-E4E1F9C1A6E2}.Debug|x86.ActiveCfg = Debug|Win32
		{F7E3C6F5-7183-46D8-BFC9-E4E1F9C1A6E2}.Debug|x86.Build.0 = Debug|Win32
		{F7E3C6F5-7183-46D8-BFC9-E4E1F9C1A6E2}.Release|x64.ActiveCfg = Release|x64
		{F7E3C6F5-7183-46D8-BFC9-E4E1F9C1A6E2}.Release|x64.Build.0 = Release|x64
		{F7E3C6F5-7183-46D8-BFC9-E4E1F9C1A6E2}.Release|x86.ActiveCfg = Release|Win32
		{F7E3C6F5-7183-46D8-BFC9-E4E1F9C1A6E2}.Release|x86.Build.0 = Release|Win32
		{732B3439-D28E-4A4E-AC20-9DC8E53645CE}.Debug|x64.ActiveCfg = Debug|x64
		{732B3439-D28E-4A4E-AC20-9DC8E53645CE}.Debug|x64.Build.0 = Debug|x64
		{732B3439-D28E-4A4E-AC20-9DC8E53645CE}.Debug|x86.ActiveCfg = Debug|Win32
		{732B3439-D28E-4A4E-AC20-9DC8E53645CE}.Debug|x86.Build.0 = Debug|Win32
		{732B3439-D28E-4A4E-AC20-9DC8E53645CE}.Release|x64.ActiveCfg = Release|x64
		{732B3439-D28E-4A4E-AC20-9DC8E53645CE}.Release|x64.Build.0 = Release|x64
		{732B3439-D28E-4A4E-AC20-9DC8E53645CE}.Release|x86.ActiveCfg = Release|Win32
		{732B3439-D28E-4A4E-AC20-9DC8E53645CE}.Release|x86.Build.0 = Release|Win32
		{47AFA7D5-C296-4810-BCB8-AD9636B8E88E}.Debug|x64.ActiveCfg = Debug|x64
		{47AFA7D5-C296-4810-BCB8-AD9636B8E88E}.Debug|x64.Build.0 = Debug|x64
		{47AFA7D5-C296-4810-BCB8-AD9636B8E88E}.Debug|x86.ActiveCfg = Debug|Win32
		{47AFA7D5-C296-4810-BCB8-AD9636B8E88E}.Debug|x86.Build.0 = Debug|Win32
		{47AFA7D5-C296-4810-BCB8-AD9636B8E88E}.Release|x64.ActiveCfg = Release|x64
		{47AFA7D5-C296-4810-BCB8-AD9636B8E88E}.Release|x64.Build.0 = Release|x64
		{47AFA7D5-C296-4810-BCB8-AD9636B8E88E}.Release|x86.ActiveCfg = Release|Win32
		{47AFA7D5-C296-4810-BCB8-AD9636B8E88E}.Release|x86.Build.0 = Release|Win32
		{D37055BA-FFD8-47AB-B951-FABB09905A27}.Debug|x64.ActiveCfg = Debug|x64
		{D37055BA-FFD8-47AB-B951-FABB09905A27}.Debug|x64.Build.0 = Debug|x64
		{D37055BA-FFD8-47AB-B951-FABB09905A27}.Debug|x86.ActiveCfg = Debug|Win32
		{D37055BA-FFD8-47AB-B951-FABB09905A27}.Debug|x86.Build.0 = Debug|Win32
		{D37055BA-FFD8-47AB-B951-FABB09905A27}.Release|x64.ActiveCfg = Release|x64
		{D37055BA-FFD8-47AB-B951-FABB09905A27}.Release|x64.Build.0 = Release|x64
		{D37055BA-FFD8-47AB-B951-FABB09905A27}.Release|x86.ActiveCfg = Release|Win32
		{D37055BA-FFD8-47AB-B951-FABB09905A27}.Release|x86.Build.0 = Release|Win32
	EndGlobalSection
	GlobalSection(SolutionProperties) = preSolution
		HideSolutionNode = FALSE
	EndGlobalSection
	GlobalSection(ExtensibilityGlobals) = postSolution
		SolutionGuid = {FC601A4A-489A-4510-80EB-656E60F35C7F}
	EndGlobalSection
EndGlobal
