
Microsoft Visual Studio Solution File, Format Version 12.00
# Visual Studio Version 17
VisualStudioVersion = 17.0.32014.148
MinimumVisualStudioVersion = 10.0.40219.1
Project("{8BC9CEB8-8B4A-11D0-8D11-00A0C91BC942}") = "Client_FirstProject", "Client_FirstProject\Client_FirstProject.vcxproj", "{0DE7501E-9D8C-414A-9512-FDD12EFC9329}"
EndProject
Project("{8BC9CEB8-8B4A-11D0-8D11-00A0C91BC942}") = "ConstantExpression", "ConstantExpression\ConstantExpression.vcxproj", "{AC45DBA4-C0D4-40EB-83E0-FD71FE47A98B}"
EndProject
Project("{8BC9CEB8-8B4A-11D0-8D11-00A0C91BC942}") = "Variables", "Variables\Variables.vcxproj", "{5206A9FC-9D2A-44F5-9972-E04A2EAA8671}"
EndProject
Project("{8BC9CEB8-8B4A-11D0-8D11-00A0C91BC942}") = "OutputFunction_scanf", "OutputFunction_scanf\OutputFunction_scanf.vcxproj", "{8060996E-17FA-42B2-BDF2-7BB239D8A446}"
EndProject
Project("{8BC9CEB8-8B4A-11D0-8D11-00A0C91BC942}") = "Operator", "Operator\Operator.vcxproj", "{658D1375-767B-4E42-9627-654412BD3589}"
EndProject
Project("{8BC9CEB8-8B4A-11D0-8D11-00A0C91BC942}") = "ControlStatement_Loop_if", "ControlStatement_if\ControlStatement_if.vcxproj", "{DD5F97E2-B39C-4DE8-A915-422E43AE62F8}"
EndProject
Project("{8BC9CEB8-8B4A-11D0-8D11-00A0C91BC942}") = "ControlStatement_Loop_SwitchCase", "ControlStatement_SwitchCase\ControlStatement_SwitchCase.vcxproj", "{3E30B6F8-10C9-4C54-BA5B-80B019536ECA}"
EndProject
Project("{8BC9CEB8-8B4A-11D0-8D11-00A0C91BC942}") = "ControlStatement_Loop_While", "ControlStatement_Loop_While\ControlStatement_Loop_While.vcxproj", "{63AA858C-9006-43B2-81CB-8DE8A9B0E2CA}"
EndProject
Project("{8BC9CEB8-8B4A-11D0-8D11-00A0C91BC942}") = "ControlStatement_Loop_for", "ControlStatement_for\ControlStatement_for.vcxproj", "{8DC06480-DF8E-42A9-8FF8-5B82AEBB8D97}"
EndProject
Project("{8BC9CEB8-8B4A-11D0-8D11-00A0C91BC942}") = "Function", "Function\Function.vcxproj", "{CCF348F1-8783-4A70-A85C-9917495E697D}"
EndProject
Project("{8BC9CEB8-8B4A-11D0-8D11-00A0C91BC942}") = "FirstHomework", "FirstHomeWork\FirstHomeWork.vcxproj", "{AE80D80F-E161-4097-9BF7-0B0A82BDCC71}"
EndProject
Project("{8BC9CEB8-8B4A-11D0-8D11-00A0C91BC942}") = "Pointer", "Pointer\Pointer.vcxproj", "{C6C2C627-A6C5-408C-8177-C062D9CCD06E}"
EndProject
Project("{8BC9CEB8-8B4A-11D0-8D11-00A0C91BC942}") = "PointerAndArray", "PointerAndArray\PointerAndArray.vcxproj", "{A0B4A062-0B4D-46FA-A394-08CA0057C401}"
EndProject
Project("{8BC9CEB8-8B4A-11D0-8D11-00A0C91BC942}") = "DoublePointer", "DoublePointer\DoublePointer.vcxproj", "{D8F58DE1-52E0-4BF5-9287-C76A9DC46B48}"
EndProject
Project("{8BC9CEB8-8B4A-11D0-8D11-00A0C91BC942}") = "FunctionPointer", "FunctionPointer\FunctionPointer.vcxproj", "{5CF83D06-6061-456D-8B7A-03F9552C2C68}"
EndProject
Project("{8BC9CEB8-8B4A-11D0-8D11-00A0C91BC942}") = "Structure", "Structure\Structure.vcxproj", "{0332AE32-5406-48D4-84A9-7243559A9D08}"
EndProject
Project("{8BC9CEB8-8B4A-11D0-8D11-00A0C91BC942}") = "Union", "Union\Union.vcxproj", "{BE67CF39-3912-4F90-B4EB-8A76F5FA21C3}"
EndProject
Project("{8BC9CEB8-8B4A-11D0-8D11-00A0C91BC942}") = "Enum", "Enum\Enum.vcxproj", "{648202B8-B845-41CF-BBDC-4E1B330CE8AF}"
EndProject
Project("{8BC9CEB8-8B4A-11D0-8D11-00A0C91BC942}") = "DynamicMemory", "DynamicMemory\DynamicMemory.vcxproj", "{63A785B8-BDBF-4C28-B19E-876BC1FA1564}"
EndProject
Project("{8BC9CEB8-8B4A-11D0-8D11-00A0C91BC942}") = "FileInOut", "FileInOut\FileInOut.vcxproj", "{6857D538-BACD-4842-BABE-273C1A641B48}"
EndProject
Global
	GlobalSection(SolutionConfigurationPlatforms) = preSolution
		Debug|x64 = Debug|x64
		Debug|x86 = Debug|x86
		Release|x64 = Release|x64
		Release|x86 = Release|x86
	EndGlobalSection
	GlobalSection(ProjectConfigurationPlatforms) = postSolution
		{0DE7501E-9D8C-414A-9512-FDD12EFC9329}.Debug|x64.ActiveCfg = Debug|x64
		{0DE7501E-9D8C-414A-9512-FDD12EFC9329}.Debug|x64.Build.0 = Debug|x64
		{0DE7501E-9D8C-414A-9512-FDD12EFC9329}.Debug|x86.ActiveCfg = Debug|Win32
		{0DE7501E-9D8C-414A-9512-FDD12EFC9329}.Debug|x86.Build.0 = Debug|Win32
		{0DE7501E-9D8C-414A-9512-FDD12EFC9329}.Release|x64.ActiveCfg = Release|x64
		{0DE7501E-9D8C-414A-9512-FDD12EFC9329}.Release|x64.Build.0 = Release|x64
		{0DE7501E-9D8C-414A-9512-FDD12EFC9329}.Release|x86.ActiveCfg = Release|Win32
		{0DE7501E-9D8C-414A-9512-FDD12EFC9329}.Release|x86.Build.0 = Release|Win32
		{AC45DBA4-C0D4-40EB-83E0-FD71FE47A98B}.Debug|x64.ActiveCfg = Debug|x64
		{AC45DBA4-C0D4-40EB-83E0-FD71FE47A98B}.Debug|x64.Build.0 = Debug|x64
		{AC45DBA4-C0D4-40EB-83E0-FD71FE47A98B}.Debug|x86.ActiveCfg = Debug|Win32
		{AC45DBA4-C0D4-40EB-83E0-FD71FE47A98B}.Debug|x86.Build.0 = Debug|Win32
		{AC45DBA4-C0D4-40EB-83E0-FD71FE47A98B}.Release|x64.ActiveCfg = Release|x64
		{AC45DBA4-C0D4-40EB-83E0-FD71FE47A98B}.Release|x64.Build.0 = Release|x64
		{AC45DBA4-C0D4-40EB-83E0-FD71FE47A98B}.Release|x86.ActiveCfg = Release|Win32
		{AC45DBA4-C0D4-40EB-83E0-FD71FE47A98B}.Release|x86.Build.0 = Release|Win32
		{5206A9FC-9D2A-44F5-9972-E04A2EAA8671}.Debug|x64.ActiveCfg = Debug|x64
		{5206A9FC-9D2A-44F5-9972-E04A2EAA8671}.Debug|x64.Build.0 = Debug|x64
		{5206A9FC-9D2A-44F5-9972-E04A2EAA8671}.Debug|x86.ActiveCfg = Debug|Win32
		{5206A9FC-9D2A-44F5-9972-E04A2EAA8671}.Debug|x86.Build.0 = Debug|Win32
		{5206A9FC-9D2A-44F5-9972-E04A2EAA8671}.Release|x64.ActiveCfg = Release|x64
		{5206A9FC-9D2A-44F5-9972-E04A2EAA8671}.Release|x64.Build.0 = Release|x64
		{5206A9FC-9D2A-44F5-9972-E04A2EAA8671}.Release|x86.ActiveCfg = Release|Win32
		{5206A9FC-9D2A-44F5-9972-E04A2EAA8671}.Release|x86.Build.0 = Release|Win32
		{8060996E-17FA-42B2-BDF2-7BB239D8A446}.Debug|x64.ActiveCfg = Debug|x64
		{8060996E-17FA-42B2-BDF2-7BB239D8A446}.Debug|x64.Build.0 = Debug|x64
		{8060996E-17FA-42B2-BDF2-7BB239D8A446}.Debug|x86.ActiveCfg = Debug|Win32
		{8060996E-17FA-42B2-BDF2-7BB239D8A446}.Debug|x86.Build.0 = Debug|Win32
		{8060996E-17FA-42B2-BDF2-7BB239D8A446}.Release|x64.ActiveCfg = Release|x64
		{8060996E-17FA-42B2-BDF2-7BB239D8A446}.Release|x64.Build.0 = Release|x64
		{8060996E-17FA-42B2-BDF2-7BB239D8A446}.Release|x86.ActiveCfg = Release|Win32
		{8060996E-17FA-42B2-BDF2-7BB239D8A446}.Release|x86.Build.0 = Release|Win32
		{658D1375-767B-4E42-9627-654412BD3589}.Debug|x64.ActiveCfg = Debug|x64
		{658D1375-767B-4E42-9627-654412BD3589}.Debug|x64.Build.0 = Debug|x64
		{658D1375-767B-4E42-9627-654412BD3589}.Debug|x86.ActiveCfg = Debug|Win32
		{658D1375-767B-4E42-9627-654412BD3589}.Debug|x86.Build.0 = Debug|Win32
		{658D1375-767B-4E42-9627-654412BD3589}.Release|x64.ActiveCfg = Release|x64
		{658D1375-767B-4E42-9627-654412BD3589}.Release|x64.Build.0 = Release|x64
		{658D1375-767B-4E42-9627-654412BD3589}.Release|x86.ActiveCfg = Release|Win32
		{658D1375-767B-4E42-9627-654412BD3589}.Release|x86.Build.0 = Release|Win32
		{DD5F97E2-B39C-4DE8-A915-422E43AE62F8}.Debug|x64.ActiveCfg = Debug|x64
		{DD5F97E2-B39C-4DE8-A915-422E43AE62F8}.Debug|x64.Build.0 = Debug|x64
		{DD5F97E2-B39C-4DE8-A915-422E43AE62F8}.Debug|x86.ActiveCfg = Debug|Win32
		{DD5F97E2-B39C-4DE8-A915-422E43AE62F8}.Debug|x86.Build.0 = Debug|Win32
		{DD5F97E2-B39C-4DE8-A915-422E43AE62F8}.Release|x64.ActiveCfg = Release|x64
		{DD5F97E2-B39C-4DE8-A915-422E43AE62F8}.Release|x64.Build.0 = Release|x64
		{DD5F97E2-B39C-4DE8-A915-422E43AE62F8}.Release|x86.ActiveCfg = Release|Win32
		{DD5F97E2-B39C-4DE8-A915-422E43AE62F8}.Release|x86.Build.0 = Release|Win32
		{3E30B6F8-10C9-4C54-BA5B-80B019536ECA}.Debug|x64.ActiveCfg = Debug|x64
		{3E30B6F8-10C9-4C54-BA5B-80B019536ECA}.Debug|x64.Build.0 = Debug|x64
		{3E30B6F8-10C9-4C54-BA5B-80B019536ECA}.Debug|x86.ActiveCfg = Debug|Win32
		{3E30B6F8-10C9-4C54-BA5B-80B019536ECA}.Debug|x86.Build.0 = Debug|Win32
		{3E30B6F8-10C9-4C54-BA5B-80B019536ECA}.Release|x64.ActiveCfg = Release|x64
		{3E30B6F8-10C9-4C54-BA5B-80B019536ECA}.Release|x64.Build.0 = Release|x64
		{3E30B6F8-10C9-4C54-BA5B-80B019536ECA}.Release|x86.ActiveCfg = Release|Win32
		{3E30B6F8-10C9-4C54-BA5B-80B019536ECA}.Release|x86.Build.0 = Release|Win32
		{63AA858C-9006-43B2-81CB-8DE8A9B0E2CA}.Debug|x64.ActiveCfg = Debug|x64
		{63AA858C-9006-43B2-81CB-8DE8A9B0E2CA}.Debug|x64.Build.0 = Debug|x64
		{63AA858C-9006-43B2-81CB-8DE8A9B0E2CA}.Debug|x86.ActiveCfg = Debug|Win32
		{63AA858C-9006-43B2-81CB-8DE8A9B0E2CA}.Debug|x86.Build.0 = Debug|Win32
		{63AA858C-9006-43B2-81CB-8DE8A9B0E2CA}.Release|x64.ActiveCfg = Release|x64
		{63AA858C-9006-43B2-81CB-8DE8A9B0E2CA}.Release|x64.Build.0 = Release|x64
		{63AA858C-9006-43B2-81CB-8DE8A9B0E2CA}.Release|x86.ActiveCfg = Release|Win32
		{63AA858C-9006-43B2-81CB-8DE8A9B0E2CA}.Release|x86.Build.0 = Release|Win32
		{8DC06480-DF8E-42A9-8FF8-5B82AEBB8D97}.Debug|x64.ActiveCfg = Debug|x64
		{8DC06480-DF8E-42A9-8FF8-5B82AEBB8D97}.Debug|x64.Build.0 = Debug|x64
		{8DC06480-DF8E-42A9-8FF8-5B82AEBB8D97}.Debug|x86.ActiveCfg = Debug|Win32
		{8DC06480-DF8E-42A9-8FF8-5B82AEBB8D97}.Debug|x86.Build.0 = Debug|Win32
		{8DC06480-DF8E-42A9-8FF8-5B82AEBB8D97}.Release|x64.ActiveCfg = Release|x64
		{8DC06480-DF8E-42A9-8FF8-5B82AEBB8D97}.Release|x64.Build.0 = Release|x64
		{8DC06480-DF8E-42A9-8FF8-5B82AEBB8D97}.Release|x86.ActiveCfg = Release|Win32
		{8DC06480-DF8E-42A9-8FF8-5B82AEBB8D97}.Release|x86.Build.0 = Release|Win32
		{CCF348F1-8783-4A70-A85C-9917495E697D}.Debug|x64.ActiveCfg = Debug|x64
		{CCF348F1-8783-4A70-A85C-9917495E697D}.Debug|x64.Build.0 = Debug|x64
		{CCF348F1-8783-4A70-A85C-9917495E697D}.Debug|x86.ActiveCfg = Debug|Win32
		{CCF348F1-8783-4A70-A85C-9917495E697D}.Debug|x86.Build.0 = Debug|Win32
		{CCF348F1-8783-4A70-A85C-9917495E697D}.Release|x64.ActiveCfg = Release|x64
		{CCF348F1-8783-4A70-A85C-9917495E697D}.Release|x64.Build.0 = Release|x64
		{CCF348F1-8783-4A70-A85C-9917495E697D}.Release|x86.ActiveCfg = Release|Win32
		{CCF348F1-8783-4A70-A85C-9917495E697D}.Release|x86.Build.0 = Release|Win32
		{AE80D80F-E161-4097-9BF7-0B0A82BDCC71}.Debug|x64.ActiveCfg = Debug|x64
		{AE80D80F-E161-4097-9BF7-0B0A82BDCC71}.Debug|x64.Build.0 = Debug|x64
		{AE80D80F-E161-4097-9BF7-0B0A82BDCC71}.Debug|x86.ActiveCfg = Debug|Win32
		{AE80D80F-E161-4097-9BF7-0B0A82BDCC71}.Debug|x86.Build.0 = Debug|Win32
		{AE80D80F-E161-4097-9BF7-0B0A82BDCC71}.Release|x64.ActiveCfg = Release|x64
		{AE80D80F-E161-4097-9BF7-0B0A82BDCC71}.Release|x64.Build.0 = Release|x64
		{AE80D80F-E161-4097-9BF7-0B0A82BDCC71}.Release|x86.ActiveCfg = Release|Win32
		{AE80D80F-E161-4097-9BF7-0B0A82BDCC71}.Release|x86.Build.0 = Release|Win32
		{C6C2C627-A6C5-408C-8177-C062D9CCD06E}.Debug|x64.ActiveCfg = Debug|x64
		{C6C2C627-A6C5-408C-8177-C062D9CCD06E}.Debug|x64.Build.0 = Debug|x64
		{C6C2C627-A6C5-408C-8177-C062D9CCD06E}.Debug|x86.ActiveCfg = Debug|Win32
		{C6C2C627-A6C5-408C-8177-C062D9CCD06E}.Debug|x86.Build.0 = Debug|Win32
		{C6C2C627-A6C5-408C-8177-C062D9CCD06E}.Release|x64.ActiveCfg = Release|x64
		{C6C2C627-A6C5-408C-8177-C062D9CCD06E}.Release|x64.Build.0 = Release|x64
		{C6C2C627-A6C5-408C-8177-C062D9CCD06E}.Release|x86.ActiveCfg = Release|Win32
		{C6C2C627-A6C5-408C-8177-C062D9CCD06E}.Release|x86.Build.0 = Release|Win32
		{A0B4A062-0B4D-46FA-A394-08CA0057C401}.Debug|x64.ActiveCfg = Debug|x64
		{A0B4A062-0B4D-46FA-A394-08CA0057C401}.Debug|x64.Build.0 = Debug|x64
		{A0B4A062-0B4D-46FA-A394-08CA0057C401}.Debug|x86.ActiveCfg = Debug|Win32
		{A0B4A062-0B4D-46FA-A394-08CA0057C401}.Debug|x86.Build.0 = Debug|Win32
		{A0B4A062-0B4D-46FA-A394-08CA0057C401}.Release|x64.ActiveCfg = Release|x64
		{A0B4A062-0B4D-46FA-A394-08CA0057C401}.Release|x64.Build.0 = Release|x64
		{A0B4A062-0B4D-46FA-A394-08CA0057C401}.Release|x86.ActiveCfg = Release|Win32
		{A0B4A062-0B4D-46FA-A394-08CA0057C401}.Release|x86.Build.0 = Release|Win32
		{D8F58DE1-52E0-4BF5-9287-C76A9DC46B48}.Debug|x64.ActiveCfg = Debug|x64
		{D8F58DE1-52E0-4BF5-9287-C76A9DC46B48}.Debug|x64.Build.0 = Debug|x64
		{D8F58DE1-52E0-4BF5-9287-C76A9DC46B48}.Debug|x86.ActiveCfg = Debug|Win32
		{D8F58DE1-52E0-4BF5-9287-C76A9DC46B48}.Debug|x86.Build.0 = Debug|Win32
		{D8F58DE1-52E0-4BF5-9287-C76A9DC46B48}.Release|x64.ActiveCfg = Release|x64
		{D8F58DE1-52E0-4BF5-9287-C76A9DC46B48}.Release|x64.Build.0 = Release|x64
		{D8F58DE1-52E0-4BF5-9287-C76A9DC46B48}.Release|x86.ActiveCfg = Release|Win32
		{D8F58DE1-52E0-4BF5-9287-C76A9DC46B48}.Release|x86.Build.0 = Release|Win32
		{5CF83D06-6061-456D-8B7A-03F9552C2C68}.Debug|x64.ActiveCfg = Debug|x64
		{5CF83D06-6061-456D-8B7A-03F9552C2C68}.Debug|x64.Build.0 = Debug|x64
		{5CF83D06-6061-456D-8B7A-03F9552C2C68}.Debug|x86.ActiveCfg = Debug|Win32
		{5CF83D06-6061-456D-8B7A-03F9552C2C68}.Debug|x86.Build.0 = Debug|Win32
		{5CF83D06-6061-456D-8B7A-03F9552C2C68}.Release|x64.ActiveCfg = Release|x64
		{5CF83D06-6061-456D-8B7A-03F9552C2C68}.Release|x64.Build.0 = Release|x64
		{5CF83D06-6061-456D-8B7A-03F9552C2C68}.Release|x86.ActiveCfg = Release|Win32
		{5CF83D06-6061-456D-8B7A-03F9552C2C68}.Release|x86.Build.0 = Release|Win32
		{0332AE32-5406-48D4-84A9-7243559A9D08}.Debug|x64.ActiveCfg = Debug|x64
		{0332AE32-5406-48D4-84A9-7243559A9D08}.Debug|x64.Build.0 = Debug|x64
		{0332AE32-5406-48D4-84A9-7243559A9D08}.Debug|x86.ActiveCfg = Debug|Win32
		{0332AE32-5406-48D4-84A9-7243559A9D08}.Debug|x86.Build.0 = Debug|Win32
		{0332AE32-5406-48D4-84A9-7243559A9D08}.Release|x64.ActiveCfg = Release|x64
		{0332AE32-5406-48D4-84A9-7243559A9D08}.Release|x64.Build.0 = Release|x64
		{0332AE32-5406-48D4-84A9-7243559A9D08}.Release|x86.ActiveCfg = Release|Win32
		{0332AE32-5406-48D4-84A9-7243559A9D08}.Release|x86.Build.0 = Release|Win32
		{BE67CF39-3912-4F90-B4EB-8A76F5FA21C3}.Debug|x64.ActiveCfg = Debug|x64
		{BE67CF39-3912-4F90-B4EB-8A76F5FA21C3}.Debug|x64.Build.0 = Debug|x64
		{BE67CF39-3912-4F90-B4EB-8A76F5FA21C3}.Debug|x86.ActiveCfg = Debug|Win32
		{BE67CF39-3912-4F90-B4EB-8A76F5FA21C3}.Debug|x86.Build.0 = Debug|Win32
		{BE67CF39-3912-4F90-B4EB-8A76F5FA21C3}.Release|x64.ActiveCfg = Release|x64
		{BE67CF39-3912-4F90-B4EB-8A76F5FA21C3}.Release|x64.Build.0 = Release|x64
		{BE67CF39-3912-4F90-B4EB-8A76F5FA21C3}.Release|x86.ActiveCfg = Release|Win32
		{BE67CF39-3912-4F90-B4EB-8A76F5FA21C3}.Release|x86.Build.0 = Release|Win32
		{648202B8-B845-41CF-BBDC-4E1B330CE8AF}.Debug|x64.ActiveCfg = Debug|x64
		{648202B8-B845-41CF-BBDC-4E1B330CE8AF}.Debug|x64.Build.0 = Debug|x64
		{648202B8-B845-41CF-BBDC-4E1B330CE8AF}.Debug|x86.ActiveCfg = Debug|Win32
		{648202B8-B845-41CF-BBDC-4E1B330CE8AF}.Debug|x86.Build.0 = Debug|Win32
		{648202B8-B845-41CF-BBDC-4E1B330CE8AF}.Release|x64.ActiveCfg = Release|x64
		{648202B8-B845-41CF-BBDC-4E1B330CE8AF}.Release|x64.Build.0 = Release|x64
		{648202B8-B845-41CF-BBDC-4E1B330CE8AF}.Release|x86.ActiveCfg = Release|Win32
		{648202B8-B845-41CF-BBDC-4E1B330CE8AF}.Release|x86.Build.0 = Release|Win32
		{63A785B8-BDBF-4C28-B19E-876BC1FA1564}.Debug|x64.ActiveCfg = Debug|x64
		{63A785B8-BDBF-4C28-B19E-876BC1FA1564}.Debug|x64.Build.0 = Debug|x64
		{63A785B8-BDBF-4C28-B19E-876BC1FA1564}.Debug|x86.ActiveCfg = Debug|Win32
		{63A785B8-BDBF-4C28-B19E-876BC1FA1564}.Debug|x86.Build.0 = Debug|Win32
		{63A785B8-BDBF-4C28-B19E-876BC1FA1564}.Release|x64.ActiveCfg = Release|x64
		{63A785B8-BDBF-4C28-B19E-876BC1FA1564}.Release|x64.Build.0 = Release|x64
		{63A785B8-BDBF-4C28-B19E-876BC1FA1564}.Release|x86.ActiveCfg = Release|Win32
		{63A785B8-BDBF-4C28-B19E-876BC1FA1564}.Release|x86.Build.0 = Release|Win32
		{6857D538-BACD-4842-BABE-273C1A641B48}.Debug|x64.ActiveCfg = Debug|x64
		{6857D538-BACD-4842-BABE-273C1A641B48}.Debug|x64.Build.0 = Debug|x64
		{6857D538-BACD-4842-BABE-273C1A641B48}.Debug|x86.ActiveCfg = Debug|Win32
		{6857D538-BACD-4842-BABE-273C1A641B48}.Debug|x86.Build.0 = Debug|Win32
		{6857D538-BACD-4842-BABE-273C1A641B48}.Release|x64.ActiveCfg = Release|x64
		{6857D538-BACD-4842-BABE-273C1A641B48}.Release|x64.Build.0 = Release|x64
		{6857D538-BACD-4842-BABE-273C1A641B48}.Release|x86.ActiveCfg = Release|Win32
		{6857D538-BACD-4842-BABE-273C1A641B48}.Release|x86.Build.0 = Release|Win32
	EndGlobalSection
	GlobalSection(SolutionProperties) = preSolution
		HideSolutionNode = FALSE
	EndGlobalSection
	GlobalSection(ExtensibilityGlobals) = postSolution
		SolutionGuid = {DBF5CC15-ACB0-4B31-9F54-03FC69903CEB}
	EndGlobalSection
EndGlobal
