
Microsoft Visual Studio Solution File, Format Version 12.00
# Visual Studio Version 17
VisualStudioVersion = 17.0.32014.148
MinimumVisualStudioVersion = 10.0.40219.1
Project("{8BC9CEB8-8B4A-11D0-8D11-00A0C91BC942}") = "FirstProject", "FirstProject\FirstProject.vcxproj", "{EDBFBC11-C611-414D-A46B-02F40729B234}"
EndProject
Project("{8BC9CEB8-8B4A-11D0-8D11-00A0C91BC942}") = "DynamicAlocation", "DynamicAlocation\DynamicAlocation.vcxproj", "{3386A790-DC46-4C16-93F7-8F340D8D89C2}"
EndProject
Project("{8BC9CEB8-8B4A-11D0-8D11-00A0C91BC942}") = "StringArray", "StringArray\StringArray.vcxproj", "{E5DE890F-A51B-40AB-8649-49696AED46AC}"
EndProject
Project("{8BC9CEB8-8B4A-11D0-8D11-00A0C91BC942}") = "Function", "Function\Function.vcxproj", "{968B0887-F713-41BB-A8A6-058BC97F5EB5}"
EndProject
Project("{8BC9CEB8-8B4A-11D0-8D11-00A0C91BC942}") = "Class", "Class\Class.vcxproj", "{328F2C50-CE9E-45AF-BBDB-5994C8CBE45F}"
EndProject
Project("{8BC9CEB8-8B4A-11D0-8D11-00A0C91BC942}") = "DynamicArray", "DynamicArray\DynamicArray.vcxproj", "{C971D45E-1F13-4F96-B250-F0FE55677DC5}"
EndProject
Project("{8BC9CEB8-8B4A-11D0-8D11-00A0C91BC942}") = "Template", "Template\Template.vcxproj", "{90D141D8-3A3A-42ED-823A-045A8A3EF114}"
EndProject
Global
	GlobalSection(SolutionConfigurationPlatforms) = preSolution
		Debug|x64 = Debug|x64
		Debug|x86 = Debug|x86
		Release|x64 = Release|x64
		Release|x86 = Release|x86
	EndGlobalSection
	GlobalSection(ProjectConfigurationPlatforms) = postSolution
		{EDBFBC11-C611-414D-A46B-02F40729B234}.Debug|x64.ActiveCfg = Debug|x64
		{EDBFBC11-C611-414D-A46B-02F40729B234}.Debug|x64.Build.0 = Debug|x64
		{EDBFBC11-C611-414D-A46B-02F40729B234}.Debug|x86.ActiveCfg = Debug|Win32
		{EDBFBC11-C611-414D-A46B-02F40729B234}.Debug|x86.Build.0 = Debug|Win32
		{EDBFBC11-C611-414D-A46B-02F40729B234}.Release|x64.ActiveCfg = Release|x64
		{EDBFBC11-C611-414D-A46B-02F40729B234}.Release|x64.Build.0 = Release|x64
		{EDBFBC11-C611-414D-A46B-02F40729B234}.Release|x86.ActiveCfg = Release|Win32
		{EDBFBC11-C611-414D-A46B-02F40729B234}.Release|x86.Build.0 = Release|Win32
		{3386A790-DC46-4C16-93F7-8F340D8D89C2}.Debug|x64.ActiveCfg = Debug|x64
		{3386A790-DC46-4C16-93F7-8F340D8D89C2}.Debug|x64.Build.0 = Debug|x64
		{3386A790-DC46-4C16-93F7-8F340D8D89C2}.Debug|x86.ActiveCfg = Debug|Win32
		{3386A790-DC46-4C16-93F7-8F340D8D89C2}.Debug|x86.Build.0 = Debug|Win32
		{3386A790-DC46-4C16-93F7-8F340D8D89C2}.Release|x64.ActiveCfg = Release|x64
		{3386A790-DC46-4C16-93F7-8F340D8D89C2}.Release|x64.Build.0 = Release|x64
		{3386A790-DC46-4C16-93F7-8F340D8D89C2}.Release|x86.ActiveCfg = Release|Win32
		{3386A790-DC46-4C16-93F7-8F340D8D89C2}.Release|x86.Build.0 = Release|Win32
		{E5DE890F-A51B-40AB-8649-49696AED46AC}.Debug|x64.ActiveCfg = Debug|x64
		{E5DE890F-A51B-40AB-8649-49696AED46AC}.Debug|x64.Build.0 = Debug|x64
		{E5DE890F-A51B-40AB-8649-49696AED46AC}.Debug|x86.ActiveCfg = Debug|Win32
		{E5DE890F-A51B-40AB-8649-49696AED46AC}.Debug|x86.Build.0 = Debug|Win32
		{E5DE890F-A51B-40AB-8649-49696AED46AC}.Release|x64.ActiveCfg = Release|x64
		{E5DE890F-A51B-40AB-8649-49696AED46AC}.Release|x64.Build.0 = Release|x64
		{E5DE890F-A51B-40AB-8649-49696AED46AC}.Release|x86.ActiveCfg = Release|Win32
		{E5DE890F-A51B-40AB-8649-49696AED46AC}.Release|x86.Build.0 = Release|Win32
		{968B0887-F713-41BB-A8A6-058BC97F5EB5}.Debug|x64.ActiveCfg = Debug|x64
		{968B0887-F713-41BB-A8A6-058BC97F5EB5}.Debug|x64.Build.0 = Debug|x64
		{968B0887-F713-41BB-A8A6-058BC97F5EB5}.Debug|x86.ActiveCfg = Debug|Win32
		{968B0887-F713-41BB-A8A6-058BC97F5EB5}.Debug|x86.Build.0 = Debug|Win32
		{968B0887-F713-41BB-A8A6-058BC97F5EB5}.Release|x64.ActiveCfg = Release|x64
		{968B0887-F713-41BB-A8A6-058BC97F5EB5}.Release|x64.Build.0 = Release|x64
		{968B0887-F713-41BB-A8A6-058BC97F5EB5}.Release|x86.ActiveCfg = Release|Win32
		{968B0887-F713-41BB-A8A6-058BC97F5EB5}.Release|x86.Build.0 = Release|Win32
		{328F2C50-CE9E-45AF-BBDB-5994C8CBE45F}.Debug|x64.ActiveCfg = Debug|x64
		{328F2C50-CE9E-45AF-BBDB-5994C8CBE45F}.Debug|x64.Build.0 = Debug|x64
		{328F2C50-CE9E-45AF-BBDB-5994C8CBE45F}.Debug|x86.ActiveCfg = Debug|Win32
		{328F2C50-CE9E-45AF-BBDB-5994C8CBE45F}.Debug|x86.Build.0 = Debug|Win32
		{328F2C50-CE9E-45AF-BBDB-5994C8CBE45F}.Release|x64.ActiveCfg = Release|x64
		{328F2C50-CE9E-45AF-BBDB-5994C8CBE45F}.Release|x64.Build.0 = Release|x64
		{328F2C50-CE9E-45AF-BBDB-5994C8CBE45F}.Release|x86.ActiveCfg = Release|Win32
		{328F2C50-CE9E-45AF-BBDB-5994C8CBE45F}.Release|x86.Build.0 = Release|Win32
		{C971D45E-1F13-4F96-B250-F0FE55677DC5}.Debug|x64.ActiveCfg = Debug|x64
		{C971D45E-1F13-4F96-B250-F0FE55677DC5}.Debug|x64.Build.0 = Debug|x64
		{C971D45E-1F13-4F96-B250-F0FE55677DC5}.Debug|x86.ActiveCfg = Debug|Win32
		{C971D45E-1F13-4F96-B250-F0FE55677DC5}.Debug|x86.Build.0 = Debug|Win32
		{C971D45E-1F13-4F96-B250-F0FE55677DC5}.Release|x64.ActiveCfg = Release|x64
		{C971D45E-1F13-4F96-B250-F0FE55677DC5}.Release|x64.Build.0 = Release|x64
		{C971D45E-1F13-4F96-B250-F0FE55677DC5}.Release|x86.ActiveCfg = Release|Win32
		{C971D45E-1F13-4F96-B250-F0FE55677DC5}.Release|x86.Build.0 = Release|Win32
		{90D141D8-3A3A-42ED-823A-045A8A3EF114}.Debug|x64.ActiveCfg = Debug|x64
		{90D141D8-3A3A-42ED-823A-045A8A3EF114}.Debug|x64.Build.0 = Debug|x64
		{90D141D8-3A3A-42ED-823A-045A8A3EF114}.Debug|x86.ActiveCfg = Debug|Win32
		{90D141D8-3A3A-42ED-823A-045A8A3EF114}.Debug|x86.Build.0 = Debug|Win32
		{90D141D8-3A3A-42ED-823A-045A8A3EF114}.Release|x64.ActiveCfg = Release|x64
		{90D141D8-3A3A-42ED-823A-045A8A3EF114}.Release|x64.Build.0 = Release|x64
		{90D141D8-3A3A-42ED-823A-045A8A3EF114}.Release|x86.ActiveCfg = Release|Win32
		{90D141D8-3A3A-42ED-823A-045A8A3EF114}.Release|x86.Build.0 = Release|Win32
	EndGlobalSection
	GlobalSection(SolutionProperties) = preSolution
		HideSolutionNode = FALSE
	EndGlobalSection
	GlobalSection(ExtensibilityGlobals) = postSolution
		SolutionGuid = {C7741B89-3037-41C9-BC10-39F92D7EC011}
	EndGlobalSection
EndGlobal
